
Microsoft Visual Studio Solution File, Format Version 12.00
# Visual Studio Version 16
VisualStudioVersion = 16.0.29905.134
MinimumVisualStudioVersion = 10.0.40219.1
Project("{FAE04EC0-301F-11D3-BF4B-00C04F79EFBC}") = "test2", "test2.csproj", "{4CC85D4B-02C8-4708-B295-372414F78F3D}"
EndProject
Global
	GlobalSection(SolutionConfigurationPlatforms) = preSolution
		Debug|Any CPU = Debug|Any CPU
		Release|Any CPU = Release|Any CPU
	EndGlobalSection
	GlobalSection(ProjectConfigurationPlatforms) = postSolution
		{4CC85D4B-02C8-4708-B295-372414F78F3D}.Debug|Any CPU.ActiveCfg = Debug|Any CPU
		{4CC85D4B-02C8-4708-B295-372414F78F3D}.Debug|Any CPU.Build.0 = Debug|Any CPU
		{4CC85D4B-02C8-4708-B295-372414F78F3D}.Release|Any CPU.ActiveCfg = Release|Any CPU
		{4CC85D4B-02C8-4708-B295-372414F78F3D}.Release|Any CPU.Build.0 = Release|Any CPU
	EndGlobalSection
	GlobalSection(SolutionProperties) = preSolution
		HideSolutionNode = FALSE
	EndGlobalSection
	GlobalSection(ExtensibilityGlobals) = postSolution
		SolutionGuid = {736B50DF-3AD3-4737-826E-F7D7B77DEF32}
	EndGlobalSection
EndGlobal
